github.com/Masterminds/goutils v1.1.1 h1:5nUrii3FMTL5diU80unEVvNevw1nH4+ZV4DSLVJLSYI=
github.com/Masterminds/goutils v1.1.1/go.mod h1:8cTjp+g8YejhMuvIA5y2vz3BpJxksy863GQaJW2MFNU=
github.com/Masterminds/semver/v3 v3.1.1 h1:hLg3sBzpNErnxhQtUy/mmLR2I9foDujNK030IGemrRc=
github.com/Masterminds/semver/v3 v3.1.1/go.mod h1:VPu/7SZ7ePZ3QOrcuXROw5FAcLl4a0cBrbBpGY/8hQs=
github.com/Masterminds/sprig/v3 v3.2.1 h1:n6EPaDyLSvCEa3frruQvAiHuNp2dhBlMSmkEr+HuzGc=
github.com/Masterminds/sprig/v3 v3.2.1/go.mod h1:UoaO7Yp8KlPnJIYWTFkMaqPUYKTfGFPhxNuwnnxkKlk=
github.com/Microsoft/go-winio v0.5.2 h1:a9IhgEQBCUEk6QCdml9CiJGhAws+YwffDHEMp1VMrpA=
github.com/ProtonMail/go-crypto v0.0.0-20230217124315-7d5c6f04bbb8 h1:wPbRQzjjwFc0ih8puEVAOFGELsn1zoIIYdxvML7mDxA=
github.com/ProtonMail/go-crypto v0.0.0-20230217124315-7d5c6f04bbb8/go.mod h1:I0gYDMZ6Z5GRU7l58bNFSkPTFN6Yl12dsUlAZ8xy98g=
github.com/acomagu/bufpipe v1.0.4 h1:e3H4WUzM3npvo5uv95QuJM3cQspFNtFBzvJ2oNjKIDQ=
github.com/agext/levenshtein v1.2.3 h1:YB2fHEn0UJagG8T1rrWknE3ZQzWM06O8AMAatNn7lmo=
github.com/agext/levenshtein v1.2.3/go.mod h1:JEDfjyjHDjOF/1e4FlBE/PkbqA9OfWu2ki2W0IB5558=
github.com/apparentlymart/go-textseg/v12 v12.0.0/go.mod h1:S/4uRK2UtaQttw1GenVJEynmyUenKwP++x/+DdGV/Ec=
github.com/apparentlymart/go-textseg/v13 v13.0.0 h1:Y+KvPE1NYz0xl601PVImeQfFyEy6iT90AvPUL1NNfNw=
github.com/apparentlymart/go-textseg/v13 v13.0.0/go.mod h1:ZK2fH7c4NqDTLtiYLvIkEghdlcqw7yxLeM89kiTRPUo=
github.com/armon/go-radix v0.0.0-20180808171621-7fddfc383310 h1:BUAU3CGlLvorLI26FmByPp2eC2qla6E1Tw+scpcg/to=
github.com/armon/go-radix v0.0.0-20180808171621-7fddfc383310/go.mod h1:ufUuZ+zHj4x4TnLV4JWEpy2hxWSpsRywHrMgIH9cCH8=
github.com/aws/aws-sdk-go v1.44.318 h1:Yl66rpbQHFUbxe9JBKLcvOvRivhVgP6+zH0b9KzARX8=
github.com/aws/aws-sdk-go v1.44.318/go.mod h1:aVsgQcEevwlmQ7qHE9I3h+dtQgpqhFB+i8Phjh7fkwI=
github.com/aws/aws-sdk-go-v2 v1.20.0/go.mod h1:uWOr0m0jDsiWw8nnXiqZ+YG6LdvAlGYDLLf2NmHZoy4=
github.com/aws/aws-sdk-go-v2 v1.20.1 h1:rZBf5DWr7YGrnlTK4kgDQGn1ltqOg5orCYb/UhOFZkg=
github.com/aws/aws-sdk-go-v2 v1.20.1/go.mod h1:NU06lETsFm8fUC6ZjhgDpVBcGZTFQ6XM+LZWZxMI4ac=
github.com/aws/aws-sdk-go-v2/aws/protocol/eventstream v1.4.12 h1:lN6L3LrYHeZ6xCxaIYtoWCx4GMLk4nRknsh29OMSqHY=
github.com/aws/aws-sdk-go-v2/aws/protocol/eventstream v1.4.12/go.mod h1:TDCkEAkMTXxTs0oLBGBKpBZbk3NLh8EvAfF0Q3x8/0c=
github.com/aws/aws-sdk-go-v2/config v1.18.32 h1:tqEOvkbTxwEV7hToRcJ1xZRjcATqwDVsWbAscgRKyNI=
github.com/aws/aws-sdk-go-v2/config v1.18.32/go.mod h1:U3ZF0fQRRA4gnbn9GGvOWLoT2EzzZfAWeKwnVrm1rDc=
github.com/aws/aws-sdk-go-v2/credentials v1.13.31 h1:vJyON3lG7R8VOErpJJBclBADiWTwzcwdkQpTKx8D2sk=
github.com/aws/aws-sdk-go-v2/credentials v1.13.31/go.mod h1:T4sESjBtY2lNxLgkIASmeP57b5j7hTQqCbqG0tWnxC4=
github.com/aws/aws-sdk-go-v2/feature/ec2/imds v1.13.7/go.mod h1:3we0V09SwcJBzNlnyovrR2wWJhWmVdqAsmVs4uronv8=
github.com/aws/aws-sdk-go-v2/feature/ec2/imds v1.13.8 h1:DK/9C+UN/X+1+Wm8pqaDksQr2tSLzq+8X1/rI/ZxKEQ=
github.com/aws/aws-sdk-go-v2/feature/ec2/imds v1.13.8/go.mod h1:ce7BgLQfYr5hQFdy67oX2svto3ufGtm6oBvmsHScI1Q=
github.com/aws/aws-sdk-go-v2/internal/configsources v1.1.37/go.mod h1:Pdn4j43v49Kk6+82spO3Tu5gSeQXRsxo56ePPQAvFiA=
github.com/aws/aws-sdk-go-v2/internal/configsources v1.1.38 h1:c8ed/T9T2K5I+h/JzmF5tpI46+OODQ74dzmdo+QnaMg=
github.com/aws/aws-sdk-go-v2/internal/configsources v1.1.38/go.mod h1:qggunOChCMu9ZF/UkAfhTz25+U2rLVb3ya0Ua6TTfCA=
github.com/aws/aws-sdk-go-v2/internal/endpoints/v2 v2.4.31/go.mod h1:fTJDMe8LOFYtqiFFFeHA+SVMAwqLhoq0kcInYoLa9Js=
github.com/aws/aws-sdk-go-v2/internal/endpoints/v2 v2.4.32 h1:hNeAAymUY5gu11WrrmFb3CVIp9Dar9hbo44yzzcQpzA=
github.com/aws/aws-sdk-go-v2/internal/endpoints/v2 v2.4.32/go.mod h1:0ZXSqrty4FtQ7p8TEuRde/SZm9X05KT18LAUlR40Ln0=
github.com/aws/aws-sdk-go-v2/internal/ini v1.3.38 h1:+i1DOFrW3YZ3apE45tCal9+aDKK6kNEbW6Ib7e1nFxE=
github.com/aws/aws-sdk-go-v2/internal/ini v1.3.38/go.mod h1:1/jLp0OgOaWIetycOmycW+vYTYgTZFPttJQRgsI1PoU=
github.com/aws/aws-sdk-go-v2/service/accessanalyzer v1.20.2 h1:ajK92N4zy7ez1llnkMSl5zIdm0FL+kCSmllGoQ9xDqI=
github.com/aws/aws-sdk-go-v2/service/accessanalyzer v1.20.2/go.mod h1:CJ+NKZZ1NSRSQnCx7t5ChhyZSIAT81/4BMF6+QYqnp4=
github.com/aws/aws-sdk-go-v2/service/account v1.11.2 h1:C38Y10SFDUFmAoPZ9FQqgtRY4fdnwhCfofHbeew1pfo=
github.com/aws/aws-sdk-go-v2/service/account v1.11.2/go.mod h1:AchKfJ4wt2f4aMRSspAmVvVh3sOa8Qa7DKn5iNE3Ysg=
github.com/aws/aws-sdk-go-v2/service/acm v1.18.2 h1:ntsdmc5JnTCLH6uL8C28jxLS8RbHRmNah6SxWr4Z8hc=
github.com/aws/aws-sdk-go-v2/service/acm v1.18.2/go.mod h1:kjQW6+4AMW1LaR8syohD84N07je6WCWoc+YsnIkinJU=
github.com/aws/aws-sdk-go-v2/service/appconfig v1.18.2 h1:N/l+BB+wRsuS+cZZ5NY2GjkdArxwjfSXVwVGC6jfQ2o=
github.com/aws/aws-sdk-go-v2/service/appconfig v1.18.2/go.mod h1:yQfwFQ0qK0zxWHs6OSApd4sWMpELAF/lBXCQSJqy+Pc=
github.com/aws/aws-sdk-go-v2/service/auditmanager v1.26.2 h1:BjLlZdRq2w+FDONxITdgPPhQp9nM9LY85RejpXyI5yo=
github.com/aws/aws-sdk-go-v2/service/auditmanager v1.26.2/go.mod h1:qyGHg24TnVsDFDalMP1fJIsavN530XP/l3jitHQ2QQA=
github.com/aws/aws-sdk-go-v2/service/cleanrooms v1.3.2 h1:ugwKlcGmP1nI+kPvUVxgupepHWAXzHpCvY5RKF5ytzc=
github.com/aws/aws-sdk-go-v2/service/cleanrooms v1.3.2/go.mod h1:seut84hMmDPyghBTQmIBtal20KZ9KR/pao9gsNGVLBI=
github.com/aws/aws-sdk-go-v2/service/cloudcontrol v1.12.2 h1:ELGGmTNbegw3v9gU4kGEujtOK6LfRM7o4fBWLjTAGak=
github.com/aws/aws-sdk-go-v2/service/cloudcontrol v1.12.2/go.mod h1:CVCg8lDt0Y15BL4PKyzTpJ6ESJ08U7a0QJC/VfdadYo=
github.com/aws/aws-sdk-go-v2/service/cloudwatchlogs v1.23.2 h1:FzF8Q0qJRhuLF3KXM1D4ahdIl+7QZib9oLKSvZEOz+8=
github.com/aws/aws-sdk-go-v2/service/cloudwatchlogs v1.23.2/go.mod h1:ihj+YT3eXh0lRMHPo5Gc2+G7LQM7SBYwo7H8Pt15P9o=
github.com/aws/aws-sdk-go-v2/service/codecatalyst v1.5.2 h1:cQT0wZR943rvgkMUkRdeWYz/mNoJOFHwn0s5quBQcF8=
github.com/aws/aws-sdk-go-v2/service/codecatalyst v1.5.2/go.mod h1:Nu86cRkmc2mZSmHdYg9rvciQxRqBXzQva7hl7w1nFjc=
github.com/aws/aws-sdk-go-v2/service/comprehend v1.25.2 h1:Dmf0o49JQrsstSFhBMEeAlMUJFXPp3llZDhcc8sOb6I=
github.com/aws/aws-sdk-go-v2/service/comprehend v1.25.2/go.mod h1:USgC4dYoIiDTEkY7VZ/fBFbPa/L4983GqnvPDzSd0HY=
github.com/aws/aws-sdk-go-v2/service/computeoptimizer v1.25.2 h1:stQRHuF24Uhn7wezVOpo1+NLQiJsyGarqp4TRwiYjUs=
github.com/aws/aws-sdk-go-v2/service/computeoptimizer v1.25.2/go.mod h1:IMGvfT9qJCFFInoKfzLMoQJtUMTe3qOewpJoQQnoO+8=
github.com/aws/aws-sdk-go-v2/service/directoryservice v1.18.2 h1:u9OVndyndiGvcY8y0dEzENLXkwfvSLfFqPN9s0Kn63o=
github.com/aws/aws-sdk-go-v2/service/directoryservice v1.18.2/go.mod h1:eXYoTXyid7luRCSsoRRdrz9FrpiTpIdOb6pzuwtJSiQ=
github.com/aws/aws-sdk-go-v2/service/docdbelastic v1.2.2 h1:fMvNX/NzdIfkVoXJlAF1albAmEp+W/F56h1rR62ZW4s=
github.com/aws/aws-sdk-go-v2/service/docdbelastic v1.2.2/go.mod h1:dDB3BcW6SkdPbfuZ/VjkfIawi8Xy26au/2Lm6uSE6Cw=
github.com/aws/aws-sdk-go-v2/service/ec2 v1.110.1 h1:OaDeV+sdve2NV+kUheZX5bToHFmfIkflgOlZTKij0Bo=
github.com/aws/aws-sdk-go-v2/service/ec2 v1.110.1/go.mod h1:Ie0Kp61cLk223argiS+t8vO29SpbFIphzlPflIvYcv0=
github.com/aws/aws-sdk-go-v2/service/emrserverless v1.10.2 h1:y89kSuEew6WmP9NrfGAvw2zRDJpwkgqOwM8P1OalFJs=
github.com/aws/aws-sdk-go-v2/service/emrserverless v1.10.2/go.mod h1:+qlGDQzSH9zd4sq0v5U5OmyICuIGOGDYiUBTKNO4tFM=
github.com/aws/aws-sdk-go-v2/service/finspace v1.11.2 h1:gZ2+BU9Y0ZYB/X/Wp1AltJHJ/lRrlyvOX8msHdk6wvI=
github.com/aws/aws-sdk-go-v2/service/finspace v1.11.2/go.mod h1:YTXiiv7uiaoaC72w2JINekaK4DxeoOlG4OIcu7ccGCs=
github.com/aws/aws-sdk-go-v2/service/fis v1.15.2 h1:gGCclg/yV8MavGKvublhP4ZlAhPTMCsEVAtRJb6pEL0=
github.com/aws/aws-sdk-go-v2/service/fis v1.15.2/go.mod h1:2KKS4EHAd5ZKQpZamAgRxmIIs/59KZ+Iqgzlrgh2BZU=
github.com/aws/aws-sdk-go-v2/service/glacier v1.15.2 h1:del0svXtCVTmEt0YnBRA+WwNNNrVyIZt+ER4QyuCmGc=
github.com/aws/aws-sdk-go-v2/service/glacier v1.15.2/go.mod h1:qwqXDBa9j2e18Oq8H4OM/ODZFQQxpNuPjjCGxLdUdIo=
github.com/aws/aws-sdk-go-v2/service/healthlake v1.17.2 h1:r6kObCbrlMmIY40S7Qa2yJEUJ/cGJJ7kpdJX3SCxz3E=
github.com/aws/aws-sdk-go-v2/service/healthlake v1.17.2/go.mod h1:z3vwWX1Jm72yiUnUawMxb00SRTEBBSt5SvE3wLrP0vU=
github.com/aws/aws-sdk-go-v2/service/iam v1.22.1 h1:wIuOFPPOOX3YAuons6RbboSgzzbWTSew4ndU1oyz3+E=
github.com/aws/aws-sdk-go-v2/service/iam v1.22.1/go.mod h1:Z/fo7V12RMikcbwRqtZAHp3RaLbVcnSdnI9zyxOjwCM=
github.com/aws/aws-sdk-go-v2/service/identitystore v1.17.2 h1:OQPyo8eekGtUca6Tga2AC4jC0T5alauVWEb6xq8H44k=
github.com/aws/aws-sdk-go-v2/service/identitystore v1.17.2/go.mod h1:vmRjTLRMHwshNJ+0d5ZDJWSP+ccgQDlXVv49y5E1bL0=
github.com/aws/aws-sdk-go-v2/service/inspector2 v1.16.2 h1:b70xfedGDjurhIF4AaGYR/XaMXSJ1/qkWjWRdyI+PJs=
github.com/aws/aws-sdk-go-v2/service/inspector2 v1.16.2/go.mod h1:i1e9WcicnJtVT/+3FZlAJvrgprQmydTf3Wexb8aiEpU=
github.com/aws/aws-sdk-go-v2/service/internal/endpoint-discovery v1.7.32 h1:ltFklFRb78MNetqtmqZ/6Tc6i76QRMXxDe0LXYl/jd8=
github.com/aws/aws-sdk-go-v2/service/internal/endpoint-discovery v1.7.32/go.mod h1:jBlPRKTAedLFuhO71Wm5dgN9x+/pJ6TtwfQmq7RLvNk=
github.com/aws/aws-sdk-go-v2/service/internal/presigned-url v1.9.31/go.mod h1:3+lloe3sZuBQw1aBc5MyndvodzQlyqCZ7x1QPDHaWP4=
github.com/aws/aws-sdk-go-v2/service/internal/presigned-url v1.9.32 h1:dGAseBFEYxth10V23b5e2mAS+tX7oVbfYHD6dnDdAsg=
github.com/aws/aws-sdk-go-v2/service/internal/presigned-url v1.9.32/go.mod h1:4jwAWKEkCR0anWk5+1RbfSg1R5Gzld7NLiuaq5bTR/Y=
github.com/aws/aws-sdk-go-v2/service/internal/s3shared v1.15.1 h1:PT6PBCycRwhpEW5hJnRiceCeoWJ+r3bdgXtV+VKG7Pk=
github.com/aws/aws-sdk-go-v2/service/internal/s3shared v1.15.1/go.mod h1:TqoxCLwT2nrxrBGA+z7t6OWM7LBkgRckK3gOjYE+7JA=
github.com/aws/aws-sdk-go-v2/service/internetmonitor v1.5.1 h1:FIz4JayB2l/H8faULqDwxj/pP45kTN6TrHlzsCHdHzE=
github.com/aws/aws-sdk-go-v2/service/internetmonitor v1.5.1/go.mod h1:RBEokX/chcFhau6WEUtmCSzJOvrcz3OAFLG2Vn/x/48=
github.com/aws/aws-sdk-go-v2/service/ivschat v1.5.2 h1:jOcz2ouUK1D2VoL7RjMjA5iBFzpX+YjslbAKPkMm5Ew=
github.com/aws/aws-sdk-go-v2/service/ivschat v1.5.2/go.mod h1:JeQFIBSSUCkwfbgB7/66Cf0q5u6ChdqF1PdLpwr2sPI=
github.com/aws/aws-sdk-go-v2/service/kendra v1.42.2 h1:T6kAoh8M4U33t1iR8qLUCYr4bOC2rY46Aq7ACqWx0iw=
github.com/aws/aws-sdk-go-v2/service/kendra v1.42.2/go.mod h1:RebebESsSw0RZpu9oKUncXaWMBDXccVgOuOAWBiMDfw=
github.com/aws/aws-sdk-go-v2/service/keyspaces v1.4.2 h1:9NFUlI+MxnnwWNOP6t3rKDwRiqVWOLaebs8nzo3rjpA=
github.com/aws/aws-sdk-go-v2/service/keyspaces v1.4.2/go.mod h1:FOJlvL6y4dOl8IAnAjhFBvCxenW0Ufrf85mx1pFe6Ck=
github.com/aws/aws-sdk-go-v2/service/lambda v1.39.2 h1:LMKc3k1+bvr4xUEPrw11U/fZpJDoCZut7b+QC8OuDtY=
github.com/aws/aws-sdk-go-v2/service/lambda v1.39.2/go.mod h1:gDCQ1weogYZfHYZIVppDYgGS57zQALJiDL+9yGAts58=
github.com/aws/aws-sdk-go-v2/service/lightsail v1.28.2 h1:+ghn0V4daxcZB1SuEnSG/iYN8OVdpZw61sLcA6NJK+I=
github.com/aws/aws-sdk-go-v2/service/lightsail v1.28.2/go.mod h1:O6tuEAuGzRVpYwOT6e4RRVQ0+ZbbbSk1+8Eu1/7efUc=
github.com/aws/aws-sdk-go-v2/service/medialive v1.34.1 h1:4W1yfyarOnhwCxc+655vg71oAoPbpf8tNHDoJdeiSwU=
github.com/aws/aws-sdk-go-v2/service/medialive v1.34.1/go.mod h1:ksdN2nwCieq99xLqU55WEvoI9DdEMT/X57EkgM4GbLY=
github.com/aws/aws-sdk-go-v2/service/mediapackage v1.22.2 h1:V4iAA25JOILg3Gaz1tY6O7tnZQpvdlwtPCBR7kupY3g=
github.com/aws/aws-sdk-go-v2/service/mediapackage v1.22.2/go.mod h1:002BZKJ86vL7WgtwQkO63BebIgTqlKbrWgfBLrBpxqk=
github.com/aws/aws-sdk-go-v2/service/oam v1.2.2 h1:2kfD1wZQ+joQTvH7SHtpMSn+nalvmF6QhbiJaFzC4rE=
github.com/aws/aws-sdk-go-v2/service/oam v1.2.2/go.mod h1:EeL1cjBi8nLNVriLE/yBDLlt1OYjBBSPJM2uDFDcy/I=
github.com/aws/aws-sdk-go-v2/service/opensearchserverless v1.4.2 h1:T9WwWZRNwUR1gredxYc6eIhP5zdAFQ9jBaAcCglKQOA=
github.com/aws/aws-sdk-go-v2/service/opensearchserverless v1.4.2/go.mod h1:j5XCW3TCqKPSY1QWccBPfcMTJiYuGkoGmYhoKIRxcx4=
github.com/aws/aws-sdk-go-v2/service/pipes v1.3.2 h1:L9easaXXyfi3ogxpYazglDXSNe+IWJlu+Kh10UHbmyE=
github.com/aws/aws-sdk-go-v2/service/pipes v1.3.2/go.mod h1:923ETMtbc011lV6HC+7piBxomAQkLucA0kllrZumkEw=
github.com/aws/aws-sdk-go-v2/service/pricing v1.21.2 h1:dDPZLIoI0JeJx0F/7xckb8uZnqBsTMH/KuneLy5QMCI=
github.com/aws/aws-sdk-go-v2/service/pricing v1.21.2/go.mod h1:mj3CZ3lGoxqzlGEUM3UejlP28tiJQRG0viU1r0j6vbk=
github.com/aws/aws-sdk-go-v2/service/qldb v1.16.2 h1:JgUdCjgxJEg4JqZe9TV+00MqMBe2L4hDdKtFdz+h9Q8=
github.com/aws/aws-sdk-go-v2/service/qldb v1.16.2/go.mod h1:y2EgoSZVa1a7nu/6wnh6oQeAxe2DzaGM8793h4GCLnc=
github.com/aws/aws-sdk-go-v2/service/rbin v1.9.2 h1:8e6iQ63Ch6rKg4jm5vr3VE+KU5suKS6DYmyTkxj6muE=
github.com/aws/aws-sdk-go-v2/service/rbin v1.9.2/go.mod h1:5fB6MnT3yw8xgZBRMiawgiKBl5oTbm4XuM5Rl/l71S4=
github.com/aws/aws-sdk-go-v2/service/rds v1.50.1 h1:qA97x6Cll56tY+PGze+jrGGjlT+gfEyUYwZPp53jWsA=
github.com/aws/aws-sdk-go-v2/service/rds v1.50.1/go.mod h1:BGX+tX+bZJX0FNVc0mhNbXOg0AsUzHXmn40IAhCxwxo=
github.com/aws/aws-sdk-go-v2/service/resourceexplorer2 v1.3.2 h1:cozSqO7CAbxmqc/pQMmqQWq5RTewZbKUSfG1hhM4M2g=
github.com/aws/aws-sdk-go-v2/service/resourceexplorer2 v1.3.2/go.mod h1:0u103p65Vj6wfSHgcpzikwJ9hh0NI/o3ddDroVvf/bo=
github.com/aws/aws-sdk-go-v2/service/rolesanywhere v1.3.2 h1:t3moicqkhbSrhQt45Am73ZuurC8qI3mrpJt5SEFyHdM=
github.com/aws/aws-sdk-go-v2/service/rolesanywhere v1.3.2/go.mod h1:dQLqT0YnczdPh2aGqZePgtoUF3AU3So9FJpqImYM2Ic=
github.com/aws/aws-sdk-go-v2/service/route53domains v1.16.2 h1:+QM69OrWCsp5A6g1oQyC4Rbl9U9F0/xBvugb1N0Ha/U=
github.com/aws/aws-sdk-go-v2/service/route53domains v1.16.2/go.mod h1:sVEjwdvFyw2UY9cvFeeWgVq4y2QEILPcmRF2glyTshM=
github.com/aws/aws-sdk-go-v2/service/s3control v1.32.2 h1:klsQ5vcjCQYC6Rm/lnOYeT9u0DjfJJyf52crbjaksMs=
github.com/aws/aws-sdk-go-v2/service/s3control v1.32.2/go.mod h1:PQkRJMAbGwB1SuQJGl8utT6FshpCJlejPZSTrrI3KAg=
github.com/aws/aws-sdk-go-v2/service/scheduler v1.2.2 h1:c4s/zMoywQk9ck5Zm5F3puZys5k/m6/29t1qqnZ6nTY=
github.com/aws/aws-sdk-go-v2/service/scheduler v1.2.2/go.mod h1:ZbufodzS6x4fDiloM8Gh8IleQk3jVvIbYcKiFWRR8GU=
github.com/aws/aws-sdk-go-v2/service/securitylake v1.6.2 h1:US+HwT5edMWssAMN6dISceNsWxQdDnx5HNSr1fcFDls=
github.com/aws/aws-sdk-go-v2/service/securitylake v1.6.2/go.mod h1:yzF936EZrED3zs0lMl7dy+bouEQkooKLvjVhykdnCsg=
github.com/aws/aws-sdk-go-v2/service/sesv2 v1.19.2 h1:JnvvVE8nEdad4a53NVTNcGDG9PdosPYew3CUml3NFO8=
github.com/aws/aws-sdk-go-v2/service/sesv2 v1.19.2/go.mod h1:7mN53uJb/nduR3DKUJqBwrgOzRKCUg3o0eVhEMMUDEM=
github.com/aws/aws-sdk-go-v2/service/signer v1.16.2 h1:wBpk17tT/2RzzWCnFLlU+k00t5FRhTo7gANi40WF59w=
github.com/aws/aws-sdk-go-v2/service/signer v1.16.2/go.mod h1:idr0n6ACT7iCQsM3j3ibEJsn6ICyEO61Q/AtsrO9xjg=
github.com/aws/aws-sdk-go-v2/service/ssm v1.37.2 h1:3N8Qb1MSuE81sxIE20tZM50/NPlGxchMzX0KP+EK9uw=
github.com/aws/aws-sdk-go-v2/service/ssm v1.37.2/go.mod h1:GoOpv/IVQZmT2LzYqKCjEFdmZFzdT4bfsao5+i6Neb8=
github.com/aws/aws-sdk-go-v2/service/ssmcontacts v1.16.2 h1:ewtroOk707uLCDk/DoYQrYoXTZ0jNcJ0DoLBT+YdTC0=
github.com/aws/aws-sdk-go-v2/service/ssmcontacts v1.16.2/go.mod h1:3p3jvuYjnnypmfovdubcpZhWmEJ33qzqHMvAQeTArvo=
github.com/aws/aws-sdk-go-v2/service/ssmincidents v1.22.2 h1:Pi1mworuIK72yEF+tmmw/WZQT+LnSks+/kvl1xWqEac=
github.com/aws/aws-sdk-go-v2/service/ssmincidents v1.22.2/go.mod h1:fRC2cE7JmDlwm/KDxjKof7IiFZXI8NI29yzskxzC7gg=
github.com/aws/aws-sdk-go-v2/service/sso v1.13.1 h1:DSNpSbfEgFXRV+IfEcKE5kTbqxm+MeF5WgyeRlsLnHY=
github.com/aws/aws-sdk-go-v2/service/sso v1.13.1/go.mod h1:TC9BubuFMVScIU+TLKamO6VZiYTkYoEHqlSQwAe2omw=
github.com/aws/aws-sdk-go-v2/service/ssooidc v1.15.1 h1:hd0SKLMdOL/Sl6Z0np1PX9LeH2gqNtBe0MhTedA8MGI=
github.com/aws/aws-sdk-go-v2/service/ssooidc v1.15.1/go.mod h1:XO/VcyoQ8nKyKfFW/3DMsRQXsfh/052tHTWmg3xBXRg=
github.com/aws/aws-sdk-go-v2/service/sts v1.21.1 h1:pAOJj+80tC8sPVgSDHzMYD6KLWsaLQ1kZw31PTeORbs=
github.com/aws/aws-sdk-go-v2/service/sts v1.21.1/go.mod h1:G8SbvL0rFk4WOJroU8tKBczhsbhj2p/YY7qeJezJ3CI=
github.com/aws/aws-sdk-go-v2/service/swf v1.16.2 h1:UYY3MrArH9FrmxX0UkuWUeYoEO3RdXKcJ7H+J9BMFGM=
github.com/aws/aws-sdk-go-v2/service/swf v1.16.2/go.mod h1:xtj+9MUaGRXEu/4sQaMNb3QpRyxELG9k+dLWaN1n7no=
github.com/aws/aws-sdk-go-v2/service/timestreamwrite v1.18.2 h1:5QyvAYyr+ZibpVxfovzd5JMTZ8miv9s3zT4jG4PJkIA=
github.com/aws/aws-sdk-go-v2/service/timestreamwrite v1.18.2/go.mod h1:3ZCiyyNF7myh/a7DcOjcqRsLmSF9EdhEZSr00Qlui4s=
github.com/aws/aws-sdk-go-v2/service/transcribe v1.28.2 h1:hMXnw4+TJhr4B3m3C0FAylCNMMQzx/H5cOiUOB4g/UE=
github.com/aws/aws-sdk-go-v2/service/transcribe v1.28.2/go.mod h1:gLIhKZzJXeBkBsD4a6JO6vAzwyHis2IvErxNzJsunhw=
github.com/aws/aws-sdk-go-v2/service/verifiedpermissions v1.1.2 h1:dJkzhXq2ytDeoqPr6cMk76erDJj4ny+hrRG5RDM2kiE=
github.com/aws/aws-sdk-go-v2/service/verifiedpermissions v1.1.2/go.mod h1:moecGCEePZ9A1eSRcqyyD4vhnDPiwu+tp0WLxx7PMcM=
github.com/aws/aws-sdk-go-v2/service/vpclattice v1.1.2 h1:ve588uv8IWLFlpww6rZ2jEk6m9xYI3vQElYPDNbzRs4=
github.com/aws/aws-sdk-go-v2/service/vpclattice v1.1.2/go.mod h1:qeuLoJxnriKyOVNrZBaLVyHeFNZZ12/ArClzfEZxa9w=
github.com/aws/aws-sdk-go-v2/service/workspaces v1.29.2 h1:uwQpv9gG6Rzl+SzvdUh8Jg4Lffjb+aamz7UGqyoTaMI=
github.com/aws/aws-sdk-go-v2/service/workspaces v1.29.2/go.mod h1:w83OpaUReIrGfEpC3yVBvcXiSB0ZcPj00bNqNPytuRo=
github.com/aws/aws-sdk-go-v2/service/xray v1.17.2 h1:BB1d0Ks0A5kZ5MV95hTCTb1aT4mQuRAAZRKmLIyt7Sc=
github.com/aws/aws-sdk-go-v2/service/xray v1.17.2/go.mod h1:qoFtH71DA2SLQRut7AHe7fWA27+nIbHg5Kg7bawt9Pk=
github.com/aws/smithy-go v1.14.0/go.mod h1:Tg+OJXh4MB2R/uN61Ko2f6hTZwB/ZYGOtib8J3gBHzA=
github.com/aws/smithy-go v1.14.1 h1:EFKMUmH/iHMqLiwoEDx2rRjRQpI1YCn5jTysoaDujFs=
github.com/aws/smithy-go v1.14.1/go.mod h1:Tg+OJXh4MB2R/uN61Ko2f6hTZwB/ZYGOtib8J3gBHzA=
github.com/beevik/etree v1.2.0 h1:l7WETslUG/T+xOPs47dtd6jov2Ii/8/OjCldk5fYfQw=
github.com/beevik/etree v1.2.0/go.mod h1:aiPf89g/1k3AShMVAzriilpcE4R/Vuor90y83zVZWFc=
github.com/bgentry/speakeasy v0.1.0 h1:ByYyxL9InA1OWqxJqqp2A5pYHUrCiAL6K3J+LKSsQkY=
github.com/bgentry/speakeasy v0.1.0/go.mod h1:+zsyZBPWlz7T6j88CTgSN5bM796AkVf0kBD4zp0CCIs=
github.com/boombuler/barcode v1.0.1-0.20190219062509-6c824513bacc h1:biVzkmvwrH8WK8raXaxBx6fRVTlJILwEwQGL1I/ByEI=
github.com/boombuler/barcode v1.0.1-0.20190219062509-6c824513bacc/go.mod h1:paBWMcWSl3LHKBqUq+rly7CNSldXjb2rDl3JlRe0mD8=
github.com/bwesterb/go-ristretto v1.2.0/go.mod h1:fUIoIZaG73pV5biE2Blr2xEzDoMj7NFEuV9ekS419A0=
github.com/cloudflare/circl v1.1.0/go.mod h1:prBCrKB9DV4poKZY1l9zBXg2QJY7mvgRvtMxxK7fi4I=
github.com/cloudflare/circl v1.3.3 h1:fE/Qz0QdIGqeWfnwq0RE0R7MI51s0M2E4Ga9kq5AEMs=
github.com/cloudflare/circl v1.3.3/go.mod h1:5XYMA4rFBvNIrhs50XuiBJ15vF2pZn4nnUKZrLbUZFA=
github.com/creack/pty v1.1.9/go.mod h1:oKZEueFk5CKHvIhNR5MUki03XCEU+Q6VDXinZuGJ33E=
github.com/davecgh/go-spew v1.1.0/go.mod h1:J7Y8YcW2NihsgmVo/mv3lAwl/skON4iLHjSsI+c5H38=
github.com/davecgh/go-spew v1.1.1 h1:vj9j/u1bqnvCEfJOwUhtlOARqs3+rkHYY13jYWTU97c=
github.com/davecgh/go-spew v1.1.1/go.mod h1:J7Y8YcW2NihsgmVo/mv3lAwl/skON4iLHjSsI+c5H38=
github.com/emirpasic/gods v1.18.1 h1:FXtiHYKDGKCW2KzwZKx0iC0PQmdlorYgdFG9jPXJ1Bc=
github.com/evanphx/json-patch v0.5.2 h1:xVCHIVMUu1wtM/VkR9jVZ45N3FhZfYMMYGorLCR8P3k=
github.com/evanphx/json-patch v0.5.2/go.mod h1:ZWS5hhDbVDyob71nXKNL0+PWn6ToqBHMikGIFbs31qQ=
github.com/fatih/color v1.7.0/go.mod h1:Zm6kSWBoL9eyXnKyktHP6abPY2pDugNf5KwzbycvMj4=
github.com/fatih/color v1.13.0/go.mod h1:kLAiJbzzSOZDVNGyDpeOxJ47H46qBXwg5ILebYFFOfk=
github.com/fatih/color v1.15.0 h1:kOqh6YHBtK8aywxGerMG2Eq3H6Qgoqeo13Bk2Mv/nBs=
github.com/fatih/color v1.15.0/go.mod h1:0h5ZqXfHYED7Bhv2ZJamyIOUej9KtShiJESRwBDUSsw=
github.com/go-git/gcfg v1.5.0 h1:Q5ViNfGF8zFgyJWPqYwA7qGFoMTEiBmdlkcfRmpIMa4=
github.com/go-git/go-billy/v5 v5.4.1 h1:Uwp5tDRkPr+l/TnbHOQzp+tmJfLceOlbVucgpTz8ix4=
github.com/go-git/go-git/v5 v5.6.1 h1:q4ZRqQl4pR/ZJHc1L5CFjGA1a10u76aV1iC+nh+bHsk=
github.com/go-test/deep v1.0.3 h1:ZrJSEWsXzPOxaZnFteGEfooLba+ju3FYIbOrS+rQd68=
github.com/golang/protobuf v1.1.0/go.mod h1:6lQm79b+lXiMfvg/cZm0SGofjICqVBUtrP5yJMmIC1U=
github.com/golang/protobuf v1.3.1/go.mod h1:6lQm79b+lXiMfvg/cZm0SGofjICqVBUtrP5yJMmIC1U=
github.com/golang/protobuf v1.5.0/go.mod h1:FsONVRAS9T7sI+LIUmWTfcYkHO4aIWwzhcaSAoJOfIk=
github.com/golang/protobuf v1.5.3 h1:KhyjKVUg7Usr/dYsdSqoFveMYd5ko72D+zANwlG1mmg=
github.com/golang/protobuf v1.5.3/go.mod h1:XVQd3VNwM+JqD3oG2Ue2ip4fOMUkwXdXDdiuN0vRsmY=
github.com/google/go-cmp v0.3.1/go.mod h1:8QqcDgzrUqlUb/G2PQTWiueGozuR1884gddMywk6iLU=
github.com/google/go-cmp v0.5.5/go.mod h1:v8dTdLbMG2kIc/vJvl+f65V22dbkXbowE6jgT/gNBxE=
github.com/google/go-cmp v0.5.8/go.mod h1:17dUlkBOakJ0+DkrSSNjCkIjxS6bF9zb3elmeNGIjoY=
github.com/google/go-cmp v0.5.9 h1:O2Tfq5qg4qc4AmwVlvv0oLiVAGB7enBSJ2x2DqQFi38=
github.com/google/go-cmp v0.5.9/go.mod h1:17dUlkBOakJ0+DkrSSNjCkIjxS6bF9zb3elmeNGIjoY=
github.com/google/uuid v1.1.1/go.mod h1:TIyPZe4MgqvfeYDBFedMoGGpEw/LqOeaOT+nhxU+yHo=
github.com/google/uuid v1.1.2/go.mod h1:TIyPZe4MgqvfeYDBFedMoGGpEw/LqOeaOT+nhxU+yHo=
github.com/google/uuid v1.3.0 h1:t6JiXgmwXMjEs8VusXIJk2BXHsn+wx8BZdTaoZ5fu7I=
github.com/google/uuid v1.3.0/go.mod h1:TIyPZe4MgqvfeYDBFedMoGGpEw/LqOeaOT+nhxU+yHo=
github.com/hashicorp/aws-cloudformation-resource-schema-sdk-go v0.21.0 h1:IUypt/TbXiJBkBbE3926CgnjD8IltAitdn7Yive61DY=
github.com/hashicorp/aws-cloudformation-resource-schema-sdk-go v0.21.0/go.mod h1:cdTE6F2pCKQobug+RqRaQp7Kz9hIEqiSvpPmb6E5G1w=
github.com/hashicorp/aws-sdk-go-base/v2 v2.0.0-beta.33 h1:8ogYFA7VJSKIOvyODL2mJphWLYc87ZdoKR9Zg3UEAVM=
github.com/hashicorp/aws-sdk-go-base/v2 v2.0.0-beta.33/go.mod h1:D8McAXJE4Ki5B4MYCicebCGfH8f5s3hNJc8ubR8x//4=
github.com/hashicorp/aws-sdk-go-base/v2/awsv1shim/v2 v2.0.0-beta.34 h1:t2/JBep3k7Maetnw6N5e9PKWVKPHpWEJHYz5avmeKl0=
github.com/hashicorp/aws-sdk-go-base/v2/awsv1shim/v2 v2.0.0-beta.34/go.mod h1:yfSdY7j8d/ifBnvktBI58gZH+tg6fQLqKAtZtGYMVBo=
github.com/hashicorp/awspolicyequivalence v1.6.0 h1:7aadmkalbc5ewStC6g3rljx1iNvP4QyAhg2KsHx8bU8=
github.com/hashicorp/awspolicyequivalence v1.6.0/go.mod h1:9IOaIHx+a7C0NfUNk1A93M7kHd5rJ19aoUx37LZGC14=
github.com/hashicorp/errwrap v1.0.0/go.mod h1:YH+1FKiLXxHSkmPseP+kNlulaMuP3n2brvKWEqk/Jc4=
github.com/hashicorp/errwrap v1.1.0 h1:OxrOeh75EUXMY8TBjag2fzXGZ40LB6IKw45YeGUDY2I=
github.com/hashicorp/errwrap v1.1.0/go.mod h1:YH+1FKiLXxHSkmPseP+kNlulaMuP3n2brvKWEqk/Jc4=
github.com/hashicorp/go-checkpoint v0.5.0 h1:MFYpPZCnQqQTE18jFwSII6eUQrD/oxMFp3mlgcqk5mU=
github.com/hashicorp/go-checkpoint v0.5.0/go.mod h1:7nfLNL10NsxqO4iWuW6tWW0HjZuDrwkBuEQsVcpCOgg=
github.com/hashicorp/go-cleanhttp v0.5.0/go.mod h1:JpRdi6/HCYpAwUzNwuwqhbovhLtngrth3wmdIIUrZ80=
github.com/hashicorp/go-cleanhttp v0.5.2 h1:035FKYIWjmULyFRBKPs8TBQoi0x6d9G4xc9neXJWAZQ=
github.com/hashicorp/go-cleanhttp v0.5.2/go.mod h1:kO/YDlP8L1346E6Sodw+PrpBSV4/SoxCXGY6BqNFT48=
github.com/hashicorp/go-cty v1.4.1-0.20200414143053-d3edf31b6320 h1:1/D3zfFHttUKaCaGKZ/dR2roBXv0vKbSCnssIldfQdI=
github.com/hashicorp/go-cty v1.4.1-0.20200414143053-d3edf31b6320/go.mod h1:EiZBMaudVLy8fmjf9Npq1dq9RalhveqZG5w/yz3mHWs=
github.com/hashicorp/go-hclog v1.5.0 h1:bI2ocEMgcVlz55Oj1xZNBsVi900c7II+fWDyV9o+13c=
github.com/hashicorp/go-hclog v1.5.0/go.mod h1:W4Qnvbt70Wk/zYJryRzDRU/4r0kIg0PVHBcfoyhpF5M=
github.com/hashicorp/go-multierror v1.0.0/go.mod h1:dHtQlpGsu+cZNNAkkCN/P3hoUDHhCYQXV3UM06sGGrk=
github.com/hashicorp/go-multierror v1.1.1 h1:H5DkEtf6CXdFp0N0Em5UCwQpXMWke8IA0+lD48awMYo=
github.com/hashicorp/go-multierror v1.1.1/go.mod h1:iw975J/qwKPdAO1clOe2L8331t/9/fmwbPZ6JB6eMoM=
github.com/hashicorp/go-plugin v1.4.10 h1:xUbmA4jC6Dq163/fWcp8P3JuHilrHHMLNRxzGQJ9hNk=
github.com/hashicorp/go-plugin v1.4.10/go.mod h1:6/1TEzT0eQznvI/gV2CM29DLSkAK/e58mUWKVsPaph0=
github.com/hashicorp/go-uuid v1.0.0/go.mod h1:6SBZvOh/SIDV7/2o3Jml5SYk/TvGqwFJ/bN7x4byOro=
github.com/hashicorp/go-uuid v1.0.3 h1:2gKiV6YVmrJ1i2CKKa9obLvRieoRGviZFL26PcT/Co8=
github.com/hashicorp/go-uuid v1.0.3/go.mod h1:6SBZvOh/SIDV7/2o3Jml5SYk/TvGqwFJ/bN7x4byOro=
github.com/hashicorp/go-version v1.6.0 h1:feTTfFNnjP967rlCxM/I9g701jU+RN74YKx2mOkIeek=
github.com/hashicorp/go-version v1.6.0/go.mod h1:fltr4n8CU8Ke44wwGCBoEymUuxUHl09ZGVZPK5anwXA=
github.com/hashicorp/hc-install v0.5.2 h1:SfwMFnEXVVirpwkDuSF5kymUOhrUxrTq3udEseZdOD0=
github.com/hashicorp/hc-install v0.5.2/go.mod h1:9QISwe6newMWIfEiXpzuu1k9HAGtQYgnSH8H9T8wmoI=
github.com/hashicorp/hcl/v2 v2.17.0 h1:z1XvSUyXd1HP10U4lrLg5e0JMVz6CPaJvAgxM0KNZVY=
github.com/hashicorp/hcl/v2 v2.17.0/go.mod h1:gJyW2PTShkJqQBKpAmPO3yxMxIuoXkOF2TpqXzrQyx4=
github.com/hashicorp/logutils v1.0.0 h1:dLEQVugN8vlakKOUE3ihGLTZJRB4j+M2cdTm/ORI65Y=
github.com/hashicorp/logutils v1.0.0/go.mod h1:QIAnNjmIWmVIIkWDTG1z5v++HQmx9WQRO+LraFDTW64=
github.com/hashicorp/terraform-exec v0.18.1 h1:LAbfDvNQU1l0NOQlTuudjczVhHj061fNX5H8XZxHlH4=
github.com/hashicorp/terraform-exec v0.18.1/go.mod h1:58wg4IeuAJ6LVsLUeD2DWZZoc/bYi6dzhLHzxM41980=
github.com/hashicorp/terraform-json v0.17.1 h1:eMfvh/uWggKmY7Pmb3T85u86E2EQg6EQHgyRwf3RkyA=
github.com/hashicorp/terraform-json v0.17.1/go.mod h1:Huy6zt6euxaY9knPAFKjUITn8QxUFIe9VuSzb4zn/0o=
github.com/hashicorp/terraform-plugin-framework v1.3.4 h1:dOTLsALgmQu+PawAvhfGQ04H0MeIz3EZmBw7OFvj7qs=
github.com/hashicorp/terraform-plugin-framework v1.3.4/go.mod h1:2gGDpWiTI0irr9NSTLFAKlTi6KwGti3AoU19rFqU30o=
github.com/hashicorp/terraform-plugin-framework-timeouts v0.4.1 h1:gm5b1kHgFFhaKFhm4h2TgvMUlNzFAtUqlcOWnWPm+9E=
github.com/hashicorp/terraform-plugin-framework-timeouts v0.4.1/go.mod h1:MsjL1sQ9L7wGwzJ5RjcI6FzEMdyoBnw+XK8ZnOvQOLY=
github.com/hashicorp/terraform-plugin-framework-validators v0.11.0 h1:DKb1bX7/EPZUTW6F5zdwJzS/EZ/ycVD6JAW5RYOj4f8=
github.com/hashicorp/terraform-plugin-framework-validators v0.11.0/go.mod h1:dzxOiHh7O9CAwc6p8N4mR1H++LtRkl+u+21YNiBVNno=
github.com/hashicorp/terraform-plugin-go v0.18.0 h1:IwTkOS9cOW1ehLd/rG0y+u/TGLK9y6fGoBjXVUquzpE=
github.com/hashicorp/terraform-plugin-go v0.18.0/go.mod h1:l7VK+2u5Kf2y+A+742GX0ouLut3gttudmvMgN0PA74Y=
github.com/hashicorp/terraform-plugin-log v0.9.0 h1:i7hOA+vdAItN1/7UrfBqBwvYPQ9TFvymaRGZED3FCV0=
github.com/hashicorp/terraform-plugin-log v0.9.0/go.mod h1:rKL8egZQ/eXSyDqzLUuwUYLVdlYeamldAHSxjUFADow=
github.com/hashicorp/terraform-plugin-mux v0.11.2 h1:XMkAmWQN+6F+l4jwNeqdPom/8Vly6ZNDxHoKjiRHx5c=
github.com/hashicorp/terraform-plugin-mux v0.11.2/go.mod h1:qjoF/pI49rILSNQzKIuDtU+ZX9mpQD0B8YNE1GceLPc=
github.com/hashicorp/terraform-plugin-sdk/v2 v2.27.0 h1:I8efBnjuDrgPjNF1MEypHy48VgcTIUY4X6rOFunrR3Y=
github.com/hashicorp/terraform-plugin-sdk/v2 v2.27.0/go.mod h1:cUEP4ly/nxlHy5HzD6YRrHydtlheGvGRJDhiWqqVik4=
github.com/hashicorp/terraform-plugin-testing v1.4.0 h1:DVIXxw7VHZvnwWVik4HzhpC2yytaJ5FpiHxz5debKmE=
github.com/hashicorp/terraform-plugin-testing v1.4.0/go.mod h1:b7Bha24iGrbZQjT+ZE8m9crck1YjdVOZ8mfGCQ19OxA=
github.com/hashicorp/terraform-registry-address v0.2.1 h1:QuTf6oJ1+WSflJw6WYOHhLgwUiQ0FrROpHPYFtwTYWM=
github.com/hashicorp/terraform-registry-address v0.2.1/go.mod h1:BSE9fIFzp0qWsJUUyGquo4ldV9k2n+psif6NYkBRS3Y=
github.com/hashicorp/terraform-svchost v0.1.1 h1:EZZimZ1GxdqFRinZ1tpJwVxxt49xc/S52uzrw4x0jKQ=
github.com/hashicorp/terraform-svchost v0.1.1/go.mod h1:mNsjQfZyf/Jhz35v6/0LWcv26+X7JPS+buii2c9/ctc=
github.com/hashicorp/yamux v0.1.1 h1:yrQxtgseBDrq9Y652vSRDvsKCJKOUD+GzTS4Y0Y8pvE=
github.com/hashicorp/yamux v0.1.1/go.mod h1:CtWFDAQgb7dxtzFs4tWbplKIe2jSi3+5vKbgIO0SLnQ=
github.com/huandu/xstrings v1.3.1/go.mod h1:y5/lhBue+AyNmUVz9RLU9xbLR0o4KIIExikq4ovT0aE=
github.com/huandu/xstrings v1.3.2 h1:L18LIDzqlW6xN2rEkpdV8+oL/IXWJ1APd+vsdYy4Wdw=
github.com/huandu/xstrings v1.3.2/go.mod h1:y5/lhBue+AyNmUVz9RLU9xbLR0o4KIIExikq4ovT0aE=
github.com/imdario/mergo v0.3.11/go.mod h1:jmQim1M+e3UYxmgPu/WyfjB3N3VflVyUjjjwH0dnCYA=
github.com/imdario/mergo v0.3.13 h1:lFzP57bqS/wsqKssCGmtLAb8A0wKjLGrve2q3PPVcBk=
github.com/imdario/mergo v0.3.13/go.mod h1:4lJ1jqUDcsbIECGy0RUJAXNIhg+6ocWgb1ALK2O4oXg=
github.com/jbenet/go-context v0.0.0-20150711004518-d14ea06fba99 h1:BQSFePA1RWJOlocH6Fxy8MmwDt+yVQYULKfN0RoTN8A=
github.com/jessevdk/go-flags v1.4.0/go.mod h1:4FA24M0QyGHXBuZZK/XkWh8h0e1EYbRYJSGM75WSRxI=
github.com/jhump/protoreflect v1.6.0 h1:h5jfMVslIg6l29nsMs0D8Wj17RDVdNYti0vDN/PZZoE=
github.com/jmespath/go-jmespath v0.4.0 h1:BEgLn5cpjn8UN1mAw4NjwDrS35OdebyEtFe+9YPoQUg=
github.com/jmespath/go-jmespath v0.4.0/go.mod h1:T8mJZnbsbmF+m6zOOFylbeCJqk5+pHWvzYPziyZiYoo=
github.com/jmespath/go-jmespath/internal/testify v1.5.1 h1:shLQSRRSCCPj3f2gpwzGwWFoC7ycTf1rcQZHOlsJ6N8=
github.com/jmespath/go-jmespath/internal/testify v1.5.1/go.mod h1:L3OGu8Wl2/fWfCI6z80xFu9LTZmf1ZRjMHUOPmWr69U=
github.com/kevinburke/ssh_config v1.2.0 h1:x584FjTGwHzMwvHx18PXxbBVzfnxogHaAReU4gf13a4=
github.com/kr/pretty v0.1.0/go.mod h1:dAy3ld7l9f0ibDNOQOHHMYYIIbhfbHSm3C4ZsoJORNo=
github.com/kr/pretty v0.3.0 h1:WgNl7dwNpEZ6jJ9k1snq4pZsg7DOEN8hP9Xw0Tsjwk0=
github.com/kr/pretty v0.3.0/go.mod h1:640gp4NfQd8pI5XOwp5fnNeVWj67G7CFk/SaSQn7NBk=
github.com/kr/pty v1.1.1/go.mod h1:pFQYn66WHrOpPYNljwOMqo10TkYh1fy3cYio2l3bCsQ=
github.com/kr/text v0.1.0/go.mod h1:4Jbv+DJW3UT/LiOwJeYQe1efqtUx/iVham/4vfdArNI=
github.com/kr/text v0.2.0 h1:5Nx0Ya0ZqY2ygV366QzturHI13Jq95ApcVaJBhpS+AY=
github.com/kr/text v0.2.0/go.mod h1:eLer722TekiGuMkidMxC/pM04lWEeraHUUmBw8l2grE=
github.com/kylelemons/godebug v1.1.0 h1:RPNrshWIDI6G2gRW9EHilWtl7Z6Sb1BR0xunSBf0SNc=
github.com/mattbaird/jsonpatch v0.0.0-20200820163806-098863c1fc24 h1:uYuGXJBAi1umT+ZS4oQJUgKtfXCAYTR+n9zw1ViT0vA=
github.com/mattbaird/jsonpatch v0.0.0-20200820163806-098863c1fc24/go.mod h1:M1qoD/MqPgTZIk0EWKB38wE28ACRfVcn+cU08jyArI0=
github.com/mattn/go-colorable v0.0.9/go.mod h1:9vuHe8Xs5qXnSaW/c/ABM9alt+Vo+STaOChaDxuIBZU=
github.com/mattn/go-colorable v0.1.9/go.mod h1:u6P/XSegPjTcexA+o6vUJrdnUu04hMope9wVRipJSqc=
github.com/mattn/go-colorable v0.1.12/go.mod h1:u5H1YNBxpqRaxsYJYSkiCWKzEfiAb1Gb520KVy5xxl4=
github.com/mattn/go-colorable v0.1.13 h1:fFA4WZxdEF4tXPZVKMLwD8oUnCTTo08duU7wxecdEvA=
github.com/mattn/go-colorable v0.1.13/go.mod h1:7S9/ev0klgBDR4GtXTXX8a3vIGJpMovkB8vQcUbaXHg=
github.com/mattn/go-isatty v0.0.3/go.mod h1:M+lRXTBqGeGNdLjl/ufCoiOlB5xdOkqRJdNxMWT7Zi4=
github.com/mattn/go-isatty v0.0.12/go.mod h1:cbi8OIDigv2wuxKPP5vlRcQ1OAZbq2CE4Kysco4FUpU=
github.com/mattn/go-isatty v0.0.14/go.mod h1:7GGIvUiUoEMVVmxf/4nioHXj79iQHKdU27kJ6hsGG94=
github.com/mattn/go-isatty v0.0.16/go.mod h1:kYGgaQfpe5nmfYZH+SKPsOc2e4SrIfOl2e/yFXSvRLM=
github.com/mattn/go-isatty v0.0.17 h1:BTarxUcIeDqL27Mc+vyvdWYSL28zpIhv3RoTdsLMPng=
github.com/mattn/go-isatty v0.0.17/go.mod h1:kYGgaQfpe5nmfYZH+SKPsOc2e4SrIfOl2e/yFXSvRLM=
github.com/mitchellh/cli v1.1.5 h1:OxRIeJXpAMztws/XHlN2vu6imG5Dpq+j61AzAX5fLng=
github.com/mitchellh/cli v1.1.5/go.mod h1:v8+iFts2sPIKUV1ltktPXMCC8fumSKFItNcD2cLtRR4=
github.com/mitchellh/copystructure v1.0.0/go.mod h1:SNtv71yrdKgLRyLFxmLdkAbkKEFWgYaq1OVrnRcwhnw=
github.com/mitchellh/copystructure v1.2.0 h1:vpKXTN4ewci03Vljg/q9QvCGUDttBOGBIa15WveJJGw=
github.com/mitchellh/copystructure v1.2.0/go.mod h1:qLl+cE2AmVv+CoeAwDPye/v+N2HKCj9FbZEVFJRxO9s=
github.com/mitchellh/go-homedir v1.1.0 h1:lukF9ziXFxDFPkA1vsr5zpc1XuPDn/wFntq5mG+4E0Y=
github.com/mitchellh/go-homedir v1.1.0/go.mod h1:SfyaCUpYCn1Vlf4IUYiD9fPX4A5wJrkLzIz1N1q0pr0=
github.com/mitchellh/go-testing-interface v1.14.1 h1:jrgshOhYAUVNMAJiKbEu7EqAwgJJ2JqpQmpLJOu07cU=
github.com/mitchellh/go-testing-interface v1.14.1/go.mod h1:gfgS7OtZj6MA4U1UrDRp04twqAjfvlZyCfX3sDjEym8=
github.com/mitchellh/go-wordwrap v1.0.1 h1:TLuKupo69TCn6TQSyGxwI1EblZZEsQ0vMlAFQflz0v0=
github.com/mitchellh/go-wordwrap v1.0.1/go.mod h1:R62XHJLzvMFRBbcrT7m7WgmE1eOyTSsCt+hzestvNj0=
github.com/mitchellh/mapstructure v1.5.0 h1:jeMsZIYE/09sWLaz43PL7Gy6RuMjD2eJVyuac5Z2hdY=
github.com/mitchellh/mapstructure v1.5.0/go.mod h1:bFUtVrKA4DC2yAKiSyO/QUcy7e+RRV2QTWOzhPopBRo=
github.com/mitchellh/reflectwalk v1.0.0/go.mod h1:mSTlrgnPZtwu0c4WaC2kGObEpuNDbx0jmZXqmk4esnw=
github.com/mitchellh/reflectwalk v1.0.2 h1:G2LzWKi524PWgd3mLHV8Y5k7s6XUvT0Gef6zxSIeXaQ=
github.com/mitchellh/reflectwalk v1.0.2/go.mod h1:mSTlrgnPZtwu0c4WaC2kGObEpuNDbx0jmZXqmk4esnw=
github.com/oklog/run v1.1.0 h1:GEenZ1cK0+q0+wsJew9qUg/DyD8k3JzYsZAi5gYi2mA=
github.com/oklog/run v1.1.0/go.mod h1:sVPdnTZT1zYwAJeCMu2Th4T21pA3FPOQRfWjQlk7DVU=
github.com/pjbgf/sha1cd v0.3.0 h1:4D5XXmUUBUl/xQ6IjCkEAbqXskkq/4O7LmGn0AqMDs4=
github.com/pkg/errors v0.9.1 h1:FEBLx1zS214owpjy7qsBeixbURkuhQAwrK5UwLGTwt4=
github.com/pkg/errors v0.9.1/go.mod h1:bwawxfHBFNV+L2hUp1rHADufV3IMtnDRdf1r5NINEl0=
github.com/pmezard/go-difflib v1.0.0 h1:4DBwDE0NGyQoBHbLQYPwSUPoCMWR5BEzIk/f1lZbAQM=
github.com/pmezard/go-difflib v1.0.0/go.mod h1:iKH77koFhYxTK1pcRnkKkqfTogsbg7gZNVY4sRDYZ/4=
github.com/posener/complete v1.1.1 h1:ccV59UEOTzVDnDUEFdT95ZzHVZ+5+158q8+SJb2QV5w=
github.com/posener/complete v1.1.1/go.mod h1:em0nMJCgc9GFtwrmVmEMR/ZL6WyhyjMBndrE9hABlRI=
github.com/pquerna/otp v1.4.0 h1:wZvl1TIVxKRThZIBiwOOHOGP/1+nZyWBil9Y2XNEDzg=
github.com/pquerna/otp v1.4.0/go.mod h1:dkJfzwRKNiegxyNb54X/3fLwhCynbMspSyWKnvi1AEg=
github.com/rogpeppe/go-internal v1.6.1/go.mod h1:xXDCJY+GAPziupqXw64V24skbSoqbTEfhy4qGm1nDQc=
github.com/rogpeppe/go-internal v1.9.0 h1:73kH8U+JUqXU8lRuOHeVHaa/SZPifC7BkcraZVejAe8=
github.com/rogpeppe/go-internal v1.9.0/go.mod h1:WtVeX8xhTBvf0smdhujwtBcq4Qrzq/fJaraNFVN+nFs=
github.com/sergi/go-diff v1.2.0 h1:XU+rvMAioB0UC3q1MFrIQy4Vo5/4VsRDQQXHsEya6xQ=
github.com/shopspring/decimal v1.2.0/go.mod h1:DKyhrW/HYNuLGql+MJL6WCR6knT2jwCFRcu2hWCYk4o=
github.com/shopspring/decimal v1.3.1 h1:2Usl1nmF/WZucqkFZhnfFYxxxu8LG21F6nPQBE5gKV8=
github.com/shopspring/decimal v1.3.1/go.mod h1:DKyhrW/HYNuLGql+MJL6WCR6knT2jwCFRcu2hWCYk4o=
github.com/skeema/knownhosts v1.1.0 h1:Wvr9V0MxhjRbl3f9nMnKnFfiWTJmtECJ9Njkea3ysW0=
github.com/spf13/cast v1.3.1 h1:nFm6S0SMdyzrzcmThSipiEubIDy8WEXKNZ0UOgiRpng=
github.com/spf13/cast v1.3.1/go.mod h1:Qx5cxh0v+4UWYiBimWS+eyWzqEqokIECu5etghLkUJE=
github.com/stretchr/objx v0.1.0/go.mod h1:HFkY916IF+rwdDfMAkV7OtwuqBVzrE8GR6GFx+wExME=
github.com/stretchr/testify v1.2.2/go.mod h1:a8OnRcib4nhh0OaRAV+Yts87kKdq0PP7pXfy6kDkUVs=
github.com/stretchr/testify v1.3.0/go.mod h1:M5WIy9Dh21IEIfnGCwXGc5bZfKNJtfHm1UVUgZn+9EI=
github.com/stretchr/testify v1.5.1/go.mod h1:5W2xD1RspED5o8YsWQXVCued0rvSQ+mT+I5cxcmMvtA=
github.com/stretchr/testify v1.6.1/go.mod h1:6Fq8oRcR53rry900zMqJjRRixrwX3KX962/h/Wwjteg=
github.com/stretchr/testify v1.7.2/go.mod h1:R6va5+xMeoiuVRoj+gSkQ7d3FALtqAAGI1FQKckRals=
github.com/stretchr/testify v1.8.4 h1:CcVxjf3Q8PM0mHUKJCdn+eZZtm5yQwehR5yeSVQQcUk=
github.com/vmihailenco/msgpack v3.3.3+incompatible/go.mod h1:fy3FlTQTDXWkZ7Bh6AcGMlsjHatGryHQYUTf1ShIgkk=
github.com/vmihailenco/msgpack v4.0.4+incompatible h1:dSLoQfGFAo3F6OoNhwUmLwVgaUXK79GlxNBwueZn0xI=
github.com/vmihailenco/msgpack v4.0.4+incompatible/go.mod h1:fy3FlTQTDXWkZ7Bh6AcGMlsjHatGryHQYUTf1ShIgkk=
github.com/vmihailenco/msgpack/v5 v5.3.5 h1:5gO0H1iULLWGhs2H5tbAHIZTV8/cYafcFOr9znI5mJU=
github.com/vmihailenco/msgpack/v5 v5.3.5/go.mod h1:7xyJ9e+0+9SaZT0Wt1RGleJXzli6Q/V5KbhBonMG9jc=
github.com/vmihailenco/tagparser/v2 v2.0.0 h1:y09buUbR+b5aycVFQs/g70pqKVZNBmxwAhO7/IwNM9g=
github.com/vmihailenco/tagparser/v2 v2.0.0/go.mod h1:Wri+At7QHww0WTrCBeu4J6bNtoV6mEfg5OIWRZA9qds=
github.com/xanzy/ssh-agent v0.3.3 h1:+/15pJfg/RsTxqYcX6fHqOXZwwMP+2VyYWJeWM2qQFM=
github.com/xeipuuv/gojsonpointer v0.0.0-20180127040702-4e3ac2762d5f/go.mod h1:N2zxlSyiKSe5eX1tZViRH5QA0qijqEDrYZiPEAiq3wU=
github.com/xeipuuv/gojsonpointer v0.0.0-20190905194746-02993c407bfb h1:zGWFAtiMcyryUHoUjUJX0/lt1H2+i2Ka2n+D3DImSNo=
github.com/xeipuuv/gojsonpointer v0.0.0-20190905194746-02993c407bfb/go.mod h1:N2zxlSyiKSe5eX1tZViRH5QA0qijqEDrYZiPEAiq3wU=
github.com/xeipuuv/gojsonreference v0.0.0-20180127040603-bd5ef7bd5415 h1:EzJWgHovont7NscjpAxXsDA8S8BMYve8Y5+7cuRE7R0=
github.com/xeipuuv/gojsonreference v0.0.0-20180127040603-bd5ef7bd5415/go.mod h1:GwrjFmJcFw6At/Gs6z4yjiIwzuJ1/+UwLxMQDVQXShQ=
github.com/xeipuuv/gojsonschema v1.2.0 h1:LhYJRs+L4fBtjZUfuSZIKGeVu0QRy8e5Xi7D17UxZ74=
github.com/xeipuuv/gojsonschema v1.2.0/go.mod h1:anYRn/JVcOK2ZgGU+IjEV4nwlhoK5sQluxsYJ78Id3Y=
github.com/yuin/goldmark v1.4.13/go.mod h1:6yULJ656Px+3vBD8DxQVa3kxgyrAnzto9xy5taEt/CY=
github.com/zclconf/go-cty v1.13.2 h1:4GvrUxe/QUDYuJKAav4EYqdM47/kZa672LwmXFmEKT0=
github.com/zclconf/go-cty v1.13.2/go.mod h1:YKQzy/7pZ7iq2jNFzy5go57xdxdWoLLpaEp4u238AE0=
go.opentelemetry.io/otel v1.16.0 h1:Z7GVAX/UkAXPKsy94IU+i6thsQS4nb7LviLpnaNeW8s=
go.opentelemetry.io/otel v1.16.0/go.mod h1:vl0h9NUa1D5s1nv3A5vZOYWn8av4K8Ml6JDeHrT/bx4=
go.opentelemetry.io/otel/trace v1.16.0 h1:8JRpaObFoW0pxuVPapkgH8UhHQj+bJW8jJsCZEu5MQs=
go.opentelemetry.io/otel/trace v1.16.0/go.mod h1:Yt9vYq1SdNz3xdjZZK7wcXv1qv2pwLkqr2QVwea0ef0=
golang.org/x/crypto v0.0.0-20190308221718-c2843e01d9a2/go.mod h1:djNgcEr1/C05ACkg1iLfiJU5Ep61QUkGW8qpdssI0+w=
golang.org/x/crypto v0.0.0-20200414173820-0848c9571904/go.mod h1:LzIPMQfyMNhhGPhUkYOs5KpL4U8rLKemX1yGLhDgUto=
golang.org/x/crypto v0.0.0-20200820211705-5c72a883971a/go.mod h1:LzIPMQfyMNhhGPhUkYOs5KpL4U8rLKemX1yGLhDgUto=
golang.org/x/crypto v0.0.0-20210921155107-089bfa567519/go.mod h1:GvvjBRRGRdwPK5ydBHafDWAxML/pGHZbMvKqRZ5+Abc=
golang.org/x/crypto v0.12.0 h1:tFM/ta59kqch6LlvYnPa0yx5a83cL2nHflFhYKvv9Yk=
golang.org/x/crypto v0.12.0/go.mod h1:NF0Gs7EO5K4qLn+Ylc+fih8BSTeIjAP05siRnAh98yw=
golang.org/x/exp v0.0.0-20230510235704-dd950f8aeaea h1:vLCWI/yYrdEHyN2JzIzPO3aaQJHQdp89IZBA/+azVC4=
golang.org/x/exp v0.0.0-20230510235704-dd950f8aeaea/go.mod h1:V1LtkGg67GoY2N1AnLN78QLrzxkLyJw7RJb1gzOOz9w=
golang.org/x/mod v0.6.0-dev.0.20220419223038-86c51ed26bb4/go.mod h1:jJ57K6gSWd91VN4djpZkiMVwK6gcyfeH4XE8wZrZaV4=
golang.org/x/mod v0.10.0 h1:lFO9qtOdlre5W1jxS3r/4szv2/6iXxScdzjoBMXNhYk=
golang.org/x/mod v0.10.0/go.mod h1:iBbtSCu2XBx23ZKBPSOrRkjjQPZFPuis4dIYUhu/chs=
golang.org/x/net v0.0.0-20190404232315-eb5bcb51f2a3/go.mod h1:t9HGtf8HONx5eT2rtn7q6eTqICYqUVnKs3thJo3Qplg=
golang.org/x/net v0.0.0-20190603091049-60506f45cf65/go.mod h1:HSz+uSET+XFnRR8LxR5pz3Of3rY3CfYBVs4xY44aLks=
golang.org/x/net v0.0.0-20190620200207-3b0461eec859/go.mod h1:z5CRVTTTmAJ677TzLLGU+0bjPO0LkuOLi4/5GtJWs/s=
golang.org/x/net v0.0.0-20210226172049-e18ecbb05110/go.mod h1:m0MpNAwzfU5UDzcl9v0D8zg8gWTRqZa9RBIspLL5mdg=
golang.org/x/net v0.0.0-20220722155237-a158d28d115b/go.mod h1:XRhObCWvk6IyKnWLug+ECip1KBveYUHfp+8e9klMJ9c=
golang.org/x/net v0.1.0/go.mod h1:Cx3nUiGt4eDBEyega/BKRp+/AlGL8hYe7U9odMt2Cco=
golang.org/x/net v0.11.0 h1:Gi2tvZIJyBtO9SDr1q9h5hEQCp/4L2RQ+ar0qjx2oNU=
golang.org/x/net v0.11.0/go.mod h1:2L/ixqYpgIVXmeoSA/4Lu7BzTG4KIyPIryS4IsOd1oQ=
golang.org/x/sync v0.0.0-20180314180146-1d60e4601c6f/go.mod h1:RxMgew5VJxzue5/jJTE5uejpjVlOe/izrB70Jof72aM=
golang.org/x/sync v0.0.0-20190423024810-112230192c58/go.mod h1:RxMgew5VJxzue5/jJTE5uejpjVlOe/izrB70Jof72aM=
golang.org/x/sync v0.0.0-20220722155255-886fb9371eb4/go.mod h1:RxMgew5VJxzue5/jJTE5uejpjVlOe/izrB70Jof72aM=
golang.org/x/sync v0.1.0 h1:wsuoTGHzEhffawBOhz5CYhcrV4IdKZbEyZjBMuTp12o=
golang.org/x/sys v0.0.0-20190215142949-d0b11bdaac8a/go.mod h1:STP8DvDyc/dI5b8T5hshtkjS+E42TnysNCUPdjciGhY=
golang.org/x/sys v0.0.0-20190412213103-97732733099d/go.mod h1:h1NjWce9XRLGQEsW7wpKNCjG9DtNlClVuFLEZdDNbEs=
golang.org/x/sys v0.0.0-20200116001909-b77594299b42/go.mod h1:h1NjWce9XRLGQEsW7wpKNCjG9DtNlClVuFLEZdDNbEs=
golang.org/x/sys v0.0.0-20200223170610-d5e6a3e2c0ae/go.mod h1:h1NjWce9XRLGQEsW7wpKNCjG9DtNlClVuFLEZdDNbEs=
golang.org/x/sys v0.0.0-20201119102817-f84b799fce68/go.mod h1:h1NjWce9XRLGQEsW7wpKNCjG9DtNlClVuFLEZdDNbEs=
golang.org/x/sys v0.0.0-20210615035016-665e8c7367d1/go.mod h1:oPkhp1MJrh7nUepCBck5+mAzfO9JrbApNNgaTdGDITg=
golang.org/x/sys v0.0.0-20210630005230-0f9fa26af87c/go.mod h1:oPkhp1MJrh7nUepCBck5+mAzfO9JrbApNNgaTdGDITg=
golang.org/x/sys v0.0.0-20210927094055-39ccf1dd6fa6/go.mod h1:oPkhp1MJrh7nUepCBck5+mAzfO9JrbApNNgaTdGDITg=
golang.org/x/sys v0.0.0-20211007075335-d3039528d8ac/go.mod h1:oPkhp1MJrh7nUepCBck5+mAzfO9JrbApNNgaTdGDITg=
golang.org/x/sys v0.0.0-20220503163025-988cb79eb6c6/go.mod h1:oPkhp1MJrh7nUepCBck5+mAzfO9JrbApNNgaTdGDITg=
golang.org/x/sys v0.0.0-20220520151302-bc2c85ada10a/go.mod h1:oPkhp1MJrh7nUepCBck5+mAzfO9JrbApNNgaTdGDITg=
golang.org/x/sys v0.0.0-20220722155257-8c9f86f7a55f/go.mod h1:oPkhp1MJrh7nUepCBck5+mAzfO9JrbApNNgaTdGDITg=
golang.org/x/sys v0.0.0-20220811171246-fbc7d0a398ab/go.mod h1:oPkhp1MJrh7nUepCBck5+mAzfO9JrbApNNgaTdGDITg=
golang.org/x/sys v0.1.0/go.mod h1:oPkhp1MJrh7nUepCBck5+mAzfO9JrbApNNgaTdGDITg=
golang.org/x/sys v0.11.0 h1:eG7RXZHdqOJ1i+0lgLgCpSXAp6M3LYlAo6osgSi0xOM=
golang.org/x/sys v0.11.0/go.mod h1:oPkhp1MJrh7nUepCBck5+mAzfO9JrbApNNgaTdGDITg=
golang.org/x/term v0.0.0-20201126162022-7de9c90e9dd1/go.mod h1:bj7SfCRtBDWHUb9snDiAeCFNEtKQo2Wmx5Cou7ajbmo=
golang.org/x/term v0.0.0-20210927222741-03fcf44c2211/go.mod h1:jbD1KX2456YbFQfuXm/mYQcufACuNUgVhRMnK/tPxf8=
golang.org/x/term v0.1.0/go.mod h1:jbD1KX2456YbFQfuXm/mYQcufACuNUgVhRMnK/tPxf8=
golang.org/x/term v0.11.0 h1:F9tnn/DA/Im8nCwm+fX+1/eBwi4qFjRT++MhtVC4ZX0=
golang.org/x/text v0.3.0/go.mod h1:NqM8EUOU14njkJ3fqMW+pc6Ldnwhi/IjpwHt7yyuwOQ=
golang.org/x/text v0.3.2/go.mod h1:bEr9sfX3Q8Zfm5fL9x+3itogRgK3+ptLWKqgva+5dAk=
golang.org/x/text v0.3.3/go.mod h1:5Zoc/QRtKVWzQhOtBMvqHzDpF6irO9z98xDceosuGiQ=
golang.org/x/text v0.3.7/go.mod h1:u+2+/6zg+i71rQMx5EYifcz6MCKuco9NR6JIITiCfzQ=
golang.org/x/text v0.4.0/go.mod h1:mrYo+phRRbMaCq/xk9113O4dZlRixOauAjOtrjsXDZ8=
golang.org/x/text v0.12.0 h1:k+n5B8goJNdU7hSvEtMUz3d1Q6D/XW4COJSJR6fN0mc=
golang.org/x/text v0.12.0/go.mod h1:TvPlkZtksWOMsz7fbANvkp4WM8x/WCo/om8BMLbz+aE=
golang.org/x/tools v0.0.0-20180917221912-90fa682c2a6e/go.mod h1:n7NCudcB/nEzxVGmLbDWY5pfWTLqBcC2KZ6jyYvM4mQ=
golang.org/x/tools v0.0.0-20191119224855-298f0cb1881e/go.mod h1:b+2E5dAYhXwXZwtnZ6UAqBI28+e2cm9otk0dWdXHAEo=
golang.org/x/tools v0.1.12/go.mod h1:hNGJHUnrk76NpqgfD5Aqm5Crs+Hm0VOH/i9J2+nxYbc=
golang.org/x/tools v0.6.0 h1:BOw41kyTf3PuCW1pVQf8+Cyg8pMlkYB1oo9iJ6D/lKM=
golang.org/x/tools v0.6.0/go.mod h1:Xwgl3UAJ/d3gWutnCtw505GrjyAbvKui8lOU390QaIU=
golang.org/x/xerrors v0.0.0-20190717185122-a985d3407aa7/go.mod h1:I/5z698sn9Ka8TeJc9MKroUUfqBBauWjQqLJ2OPfmY0=
golang.org/x/xerrors v0.0.0-20191204190536-9bdfabe68543/go.mod h1:I/5z698sn9Ka8TeJc9MKroUUfqBBauWjQqLJ2OPfmY0=
google.golang.org/appengine v1.1.0/go.mod h1:EbEs0AVv82hx2wNQdGPgUI5lhzA/G0D9YwlJXL52JkM=
google.golang.org/appengine v1.6.7 h1:FZR1q0exgwxzPzp/aF+VccGrSfxfPpkBqjIIEq3ru6c=
google.golang.org/appengine v1.6.7/go.mod h1:8WjMMxjGQR8xUklV/ARdw2HLXBOI7O7uCIDZVag1xfc=
google.golang.org/genproto v0.0.0-20230410155749-daa745c078e1 h1:KpwkzHKEF7B9Zxg18WzOa7djJ+Ha5DzthMyZYQfEn2A=
google.golang.org/genproto v0.0.0-20230410155749-daa745c078e1/go.mod h1:nKE/iIaLqn2bQwXBg8f1g2Ylh6r5MN5CmZvuzZCgsCU=
google.golang.org/grpc v1.56.1 h1:z0dNfjIl0VpaZ9iSVjA6daGatAYwPGstTjt5vkRMFkQ=
google.golang.org/grpc v1.56.1/go.mod h1:I9bI3vqKfayGqPUAwGdOSu7kt6oIJLixfffKrpXqQ9s=
google.golang.org/protobuf v1.26.0-rc.1/go.mod h1:jlhhOSvTdKEhbULTjvd4ARK9grFBp09yW+WbY/TyQbw=
google.golang.org/protobuf v1.26.0/go.mod h1:9q0QmTI4eRPtz6boOQmLYwt+qCgq0jsYwAQnmE0givc=
google.golang.org/protobuf v1.31.0 h1:g0LDEJHgrBl9N9r17Ru3sqWhkIx2NB67okBHPwC7hs8=
google.golang.org/protobuf v1.31.0/go.mod h1:HV8QOd/L58Z+nl8r43ehVNZIU/HEI6OcFqwMG9pJV4I=
gopkg.in/check.v1 v0.0.0-20161208181325-20d25e280405/go.mod h1:Co6ibVJAznAaIkqp8huTwlJQCZ016jof/cbN4VW5Yz0=
gopkg.in/check.v1 v1.0.0-20180628173108-788fd7840127 h1:qIbj1fsPNlZgppZ+VLlY7N33q108Sa+fhmuc+sWQYwY=
gopkg.in/check.v1 v1.0.0-20180628173108-788fd7840127/go.mod h1:Co6ibVJAznAaIkqp8huTwlJQCZ016jof/cbN4VW5Yz0=
gopkg.in/dnaeon/go-vcr.v3 v3.1.2 h1:F1smfXBqQqwpVifDfUBQG6zzaGjzT+EnVZakrOdr5wA=
gopkg.in/dnaeon/go-vcr.v3 v3.1.2/go.mod h1:2IMOnnlx9I6u9x+YBsM3tAMx6AlOxnJ0pWxQAzZ79Ag=
gopkg.in/errgo.v2 v2.1.0/go.mod h1:hNsd1EY+bozCKY1Ytp96fpM3vjJbqLJn88ws8XvfDNI=
gopkg.in/warnings.v0 v0.1.2 h1:wFXVbFY8DY5/xOe1ECiWdKCzZlxgshcYVNkBHstARME=
gopkg.in/yaml.v2 v2.2.2/go.mod h1:hI93XBmqTisBFMUTm0b8Fm+jr3Dg1NNxqwp+5A1VGuI=
gopkg.in/yaml.v2 v2.2.8/go.mod h1:hI93XBmqTisBFMUTm0b8Fm+jr3Dg1NNxqwp+5A1VGuI=
gopkg.in/yaml.v2 v2.3.0/go.mod h1:hI93XBmqTisBFMUTm0b8Fm+jr3Dg1NNxqwp+5A1VGuI=
gopkg.in/yaml.v2 v2.4.0 h1:D8xgwECY7CYvx+Y2n4sBz93Jn9JRvxdiyyo8CTfuKaY=
gopkg.in/yaml.v2 v2.4.0/go.mod h1:RDklbk79AGWmwhnvt/jBztapEOGDOx6ZbXqjP6csGnQ=
gopkg.in/yaml.v3 v3.0.0-20200313102051-9f266ea9e77c/go.mod h1:K4uyk7z7BCEPqu6E+C64Yfv1cQ7kz7rIZviUmN+EgEM=
gopkg.in/yaml.v3 v3.0.0/go.mod h1:K4uyk7z7BCEPqu6E+C64Yfv1cQ7kz7rIZviUmN+EgEM=
gopkg.in/yaml.v3 v3.0.1 h1:fxVm/GzAzEWqLHuvctI91KS9hhNmmWOoWu0XTYJS7CA=
gopkg.in/yaml.v3 v3.0.1/go.mod h1:K4uyk7z7BCEPqu6E+C64Yfv1cQ7kz7rIZviUmN+EgEM=
syreclabs.com/go/faker v1.2.3 h1:HPrWtnHazIf0/bVuPZJLFrtHlBHk10hS0SB+mV8v6R4=
syreclabs.com/go/faker v1.2.3/go.mod h1:NAXInmkPsC2xuO5MKZFe80PUXX5LU8cFdJIHGs+nSBE=
